// !$*UTF8*$!
{
	archiveVersion = 1;
	classes = {
	};
	objectVersion = 46;
	objects = {

/* Begin PBXBuildFile section */
		40A392B71A287FDD00E6826B /* AppDelegate.swift in Sources */ = {isa = PBXBuildFile; fileRef = 40A392B61A287FDD00E6826B /* AppDelegate.swift */; };
		40A392BA1A287FDD00E6826B /* TBA2.xcdatamodeld in Sources */ = {isa = PBXBuildFile; fileRef = 40A392B81A287FDD00E6826B /* TBA2.xcdatamodeld */; };
		40A392BC1A287FDD00E6826B /* ViewController.swift in Sources */ = {isa = PBXBuildFile; fileRef = 40A392BB1A287FDD00E6826B /* ViewController.swift */; };
		40A392BF1A287FDD00E6826B /* Main.storyboard in Resources */ = {isa = PBXBuildFile; fileRef = 40A392BD1A287FDD00E6826B /* Main.storyboard */; };
		40A392C11A287FDD00E6826B /* Images.xcassets in Resources */ = {isa = PBXBuildFile; fileRef = 40A392C01A287FDD00E6826B /* Images.xcassets */; };
		40A392C41A287FDD00E6826B /* LaunchScreen.xib in Resources */ = {isa = PBXBuildFile; fileRef = 40A392C21A287FDD00E6826B /* LaunchScreen.xib */; };
		40A392D01A287FDD00E6826B /* TBA2Tests.swift in Sources */ = {isa = PBXBuildFile; fileRef = 40A392CF1A287FDD00E6826B /* TBA2Tests.swift */; };
		40A392DA1A288AFD00E6826B /* TBAlogo1.png in Resources */ = {isa = PBXBuildFile; fileRef = 40A392D91A288AFD00E6826B /* TBAlogo1.png */; };
		40A392DB1A288AFD00E6826B /* TBAlogo1.png in Resources */ = {isa = PBXBuildFile; fileRef = 40A392D91A288AFD00E6826B /* TBAlogo1.png */; };
		A0CC906A1A2C8B060011C0A5 /* loginPage.swift in Sources */ = {isa = PBXBuildFile; fileRef = A0CC90691A2C8B060011C0A5 /* loginPage.swift */; };
		A0CC906B1A2C8B060011C0A5 /* loginPage.swift in Sources */ = {isa = PBXBuildFile; fileRef = A0CC90691A2C8B060011C0A5 /* loginPage.swift */; };
/* End PBXBuildFile section */

/* Begin PBXContainerItemProxy section */
		40A392CA1A287FDD00E6826B /* PBXContainerItemProxy */ = {
			isa = PBXContainerItemProxy;
			containerPortal = 40A392A91A287FDC00E6826B /* Project object */;
			proxyType = 1;
			remoteGlobalIDString = 40A392B01A287FDC00E6826B;
			remoteInfo = TBA2;
		};
/* End PBXContainerItemProxy section */

/* Begin PBXFileReference section */
		40A392B11A287FDC00E6826B /* TBA2.app */ = {isa = PBXFileReference; explicitFileType = wrapper.application; includeInIndex = 0; path = TBA2.app; sourceTree = BUILT_PRODUCTS_DIR; };
		40A392B51A287FDD00E6826B /* Info.plist */ = {isa = PBXFileReference; lastKnownFileType = text.plist.xml; path = Info.plist; sourceTree = "<group>"; };
		40A392B61A287FDD00E6826B /* AppDelegate.swift */ = {isa = PBXFileReference; lastKnownFileType = sourcecode.swift; path = AppDelegate.swift; sourceTree = "<group>"; };
		40A392B91A287FDD00E6826B /* TBA2.xcdatamodel */ = {isa = PBXFileReference; lastKnownFileType = wrapper.xcdatamodel; path = TBA2.xcdatamodel; sourceTree = "<group>"; };
		40A392BB1A287FDD00E6826B /* ViewController.swift */ = {isa = PBXFileReference; lastKnownFileType = sourcecode.swift; path = ViewController.swift; sourceTree = "<group>"; };
		40A392BE1A287FDD00E6826B /* Base */ = {isa = PBXFileReference; lastKnownFileType = file.storyboard; name = Base; path = Base.lproj/Main.storyboard; sourceTree = "<group>"; };
		40A392C01A287FDD00E6826B /* Images.xcassets */ = {isa = PBXFileReference; lastKnownFileType = folder.assetcatalog; path = Images.xcassets; sourceTree = "<group>"; };
		40A392C31A287FDD00E6826B /* Base */ = {isa = PBXFileReference; lastKnownFileType = file.xib; name = Base; path = Base.lproj/LaunchScreen.xib; sourceTree = "<group>"; };
		40A392C91A287FDD00E6826B /* TBA2Tests.xctest */ = {isa = PBXFileReference; explicitFileType = wrapper.cfbundle; includeInIndex = 0; path = TBA2Tests.xctest; sourceTree = BUILT_PRODUCTS_DIR; };
		40A392CE1A287FDD00E6826B /* Info.plist */ = {isa = PBXFileReference; lastKnownFileType = text.plist.xml; path = Info.plist; sourceTree = "<group>"; };
		40A392CF1A287FDD00E6826B /* TBA2Tests.swift */ = {isa = PBXFileReference; lastKnownFileType = sourcecode.swift; path = TBA2Tests.swift; sourceTree = "<group>"; };
		40A392D91A288AFD00E6826B /* TBAlogo1.png */ = {isa = PBXFileReference; lastKnownFileType = image.png; path = TBAlogo1.png; sourceTree = "<group>"; };
		A0CC90691A2C8B060011C0A5 /* loginPage.swift */ = {isa = PBXFileReference; fileEncoding = 4; lastKnownFileType = sourcecode.swift; name = loginPage.swift; path = ../loginPage.swift; sourceTree = "<group>"; };
/* End PBXFileReference section */

/* Begin PBXFrameworksBuildPhase section */
		40A392AE1A287FDC00E6826B /* Frameworks */ = {
			isa = PBXFrameworksBuildPhase;
			buildActionMask = 2147483647;
			files = (
			);
			runOnlyForDeploymentPostprocessing = 0;
		};
		40A392C61A287FDD00E6826B /* Frameworks */ = {
			isa = PBXFrameworksBuildPhase;
			buildActionMask = 2147483647;
			files = (
			);
			runOnlyForDeploymentPostprocessing = 0;
		};
/* End PBXFrameworksBuildPhase section */

/* Begin PBXGroup section */
		40A392A81A287FDC00E6826B = {
			isa = PBXGroup;
			children = (
				40A392B31A287FDC00E6826B /* TBA2 */,
				40A392CC1A287FDD00E6826B /* TBA2Tests */,
				40A392B21A287FDC00E6826B /* Products */,
			);
			sourceTree = "<group>";
		};
		40A392B21A287FDC00E6826B /* Products */ = {
			isa = PBXGroup;
			children = (
				40A392B11A287FDC00E6826B /* TBA2.app */,
				40A392C91A287FDD00E6826B /* TBA2Tests.xctest */,
			);
			name = Products;
			sourceTree = "<group>";
		};
		40A392B31A287FDC00E6826B /* TBA2 */ = {
			isa = PBXGroup;
			children = (
				A0CC90691A2C8B060011C0A5 /* loginPage.swift */,
				40A392B61A287FDD00E6826B /* AppDelegate.swift */,
				40A392BB1A287FDD00E6826B /* ViewController.swift */,
				40A392BD1A287FDD00E6826B /* Main.storyboard */,
				40A392C01A287FDD00E6826B /* Images.xcassets */,
				40A392C21A287FDD00E6826B /* LaunchScreen.xib */,
				40A392B81A287FDD00E6826B /* TBA2.xcdatamodeld */,
				40A392B41A287FDD00E6826B /* Supporting Files */,
			);
			path = TBA2;
			sourceTree = "<group>";
		};
		40A392B41A287FDD00E6826B /* Supporting Files */ = {
			isa = PBXGroup;
			children = (
				40A392D91A288AFD00E6826B /* TBAlogo1.png */,
				40A392B51A287FDD00E6826B /* Info.plist */,
			);
			name = "Supporting Files";
			sourceTree = "<group>";
		};
		40A392CC1A287FDD00E6826B /* TBA2Tests */ = {
			isa = PBXGroup;
			children = (
				40A392CF1A287FDD00E6826B /* TBA2Tests.swift */,
				40A392CD1A287FDD00E6826B /* Supporting Files */,
			);
			path = TBA2Tests;
			sourceTree = "<group>";
		};
		40A392CD1A287FDD00E6826B /* Supporting Files */ = {
			isa = PBXGroup;
			children = (
				40A392CE1A287FDD00E6826B /* Info.plist */,
			);
			name = "Supporting Files";
			sourceTree = "<group>";
		};
/* End PBXGroup section */

/* Begin PBXNativeTarget section */
		40A392B01A287FDC00E6826B /* TBA2 */ = {
			isa = PBXNativeTarget;
			buildConfigurationList = 40A392D31A287FDD00E6826B /* Build configuration list for PBXNativeTarget "TBA2" */;
			buildPhases = (
				40A392AD1A287FDC00E6826B /* Sources */,
				40A392AE1A287FDC00E6826B /* Frameworks */,
				40A392AF1A287FDC00E6826B /* Resources */,
			);
			buildRules = (
			);
			dependencies = (
			);
			name = TBA2;
			productName = TBA2;
			productReference = 40A392B11A287FDC00E6826B /* TBA2.app */;
			productType = "com.apple.product-type.application";
		};
		40A392C81A287FDD00E6826B /* TBA2Tests */ = {
			isa = PBXNativeTarget;
			buildConfigurationList = 40A392D61A287FDD00E6826B /* Build configuration list for PBXNativeTarget "TBA2Tests" */;
			buildPhases = (
				40A392C51A287FDD00E6826B /* Sources */,
				40A392C61A287FDD00E6826B /* Frameworks */,
				40A392C71A287FDD00E6826B /* Resources */,
			);
			buildRules = (
			);
			dependencies = (
				40A392CB1A287FDD00E6826B /* PBXTargetDependency */,
			);
			name = TBA2Tests;
			productName = TBA2Tests;
			productReference = 40A392C91A287FDD00E6826B /* TBA2Tests.xctest */;
			productType = "com.apple.product-type.bundle.unit-test";
		};
/* End PBXNativeTarget section */

/* Begin PBXProject section */
		40A392A91A287FDC00E6826B /* Project object */ = {
			isa = PBXProject;
			attributes = {
				LastUpgradeCheck = 0610;
				ORGANIZATIONNAME = "Name Panding";
				TargetAttributes = {
					40A392B01A287FDC00E6826B = {
						CreatedOnToolsVersion = 6.1;
					};
					40A392C81A287FDD00E6826B = {
						CreatedOnToolsVersion = 6.1;
						TestTargetID = 40A392B01A287FDC00E6826B;
					};
				};
			};
			buildConfigurationList = 40A392AC1A287FDC00E6826B /* Build configuration list for PBXProject "TBA2" */;
			compatibilityVersion = "Xcode 3.2";
			developmentRegion = English;
			hasScannedForEncodings = 0;
			knownRegions = (
				en,
				Base,
			);
			mainGroup = 40A392A81A287FDC00E6826B;
			productRefGroup = 40A392B21A287FDC00E6826B /* Products */;
			projectDirPath = "";
			projectRoot = "";
			targets = (
				40A392B01A287FDC00E6826B /* TBA2 */,
				40A392C81A287FDD00E6826B /* TBA2Tests */,
			);
		};
/* End PBXProject section */

/* Begin PBXResourcesBuildPhase section */
		40A392AF1A287FDC00E6826B /* Resources */ = {
			isa = PBXResourcesBuildPhase;
			buildActionMask = 2147483647;
			files = (
				40A392DA1A288AFD00E6826B /* TBAlogo1.png in Resources */,
				40A392BF1A287FDD00E6826B /* Main.storyboard in Resources */,
				40A392C41A287FDD00E6826B /* LaunchScreen.xib in Resources */,
				40A392C11A287FDD00E6826B /* Images.xcassets in Resources */,
			);
			runOnlyForDeploymentPostprocessing = 0;
		};
		40A392C71A287FDD00E6826B /* Resources */ = {
			isa = PBXResourcesBuildPhase;
			buildActionMask = 2147483647;
			files = (
				40A392DB1A288AFD00E6826B /* TBAlogo1.png in Resources */,
			);
			runOnlyForDeploymentPostprocessing = 0;
		};
/* End PBXResourcesBuildPhase section */

/* Begin PBXSourcesBuildPhase section */
		40A392AD1A287FDC00E6826B /* Sources */ = {
			isa = PBXSourcesBuildPhase;
			buildActionMask = 2147483647;
			files = (
				A0CC906A1A2C8B060011C0A5 /* loginPage.swift in Sources */,
				40A392BC1A287FDD00E6826B /* ViewController.swift in Sources */,
				40A392BA1A287FDD00E6826B /* TBA2.xcdatamodeld in Sources */,
				40A392B71A287FDD00E6826B /* AppDelegate.swift in Sources */,
			);
			runOnlyForDeploymentPostprocessing = 0;
		};
		40A392C51A287FDD00E6826B /* Sources */ = {
			isa = PBXSourcesBuildPhase;
			buildActionMask = 2147483647;
			files = (
				A0CC906B1A2C8B060011C0A5 /* loginPage.swift in Sources */,
				40A392D01A287FDD00E6826B /* TBA2Tests.swift in Sources */,
			);
			runOnlyForDeploymentPostprocessing = 0;
		};
/* End PBXSourcesBuildPhase section */

/* Begin PBXTargetDependency section */
		40A392CB1A287FDD00E6826B /* PBXTargetDependency */ = {
			isa = PBXTargetDependency;
			target = 40A392B01A287FDC00E6826B /* TBA2 */;
			targetProxy = 40A392CA1A287FDD00E6826B /* PBXContainerItemProxy */;
		};
/* End PBXTargetDependency section */

/* Begin PBXVariantGroup section */
		40A392BD1A287FDD00E6826B /* Main.storyboard */ = {
			isa = PBXVariantGroup;
			children = (
				40A392BE1A287FDD00E6826B /* Base */,
			);
			name = Main.storyboard;
			sourceTree = "<group>";
		};
		40A392C21A287FDD00E6826B /* LaunchScreen.xib */ = {
			isa = PBXVariantGroup;
			children = (
				40A392C31A287FDD00E6826B /* Base */,
			);
			name = LaunchScreen.xib;
			sourceTree = "<group>";
		};
/* End PBXVariantGroup section */

/* Begin XCBuildConfiguration section */
		40A392D11A287FDD00E6826B /* Debug */ = {
			isa = XCBuildConfiguration;
			buildSettings = {
				ALWAYS_SEARCH_USER_PATHS = NO;
				CLANG_CXX_LANGUAGE_STANDARD = "gnu++0x";
				CLANG_CXX_LIBRARY = "libc++";
				CLANG_ENABLE_MODULES = YES;
				CLANG_ENABLE_OBJC_ARC = YES;
				CLANG_WARN_BOOL_CONVERSION = YES;
				CLANG_WARN_CONSTANT_CONVERSION = YES;
				CLANG_WARN_DIRECT_OBJC_ISA_USAGE = YES_ERROR;
				CLANG_WARN_EMPTY_BODY = YES;
				CLANG_WARN_ENUM_CONVERSION = YES;
				CLANG_WARN_INT_CONVERSION = YES;
				CLANG_WARN_OBJC_ROOT_CLASS = YES_ERROR;
				CLANG_WARN_UNREACHABLE_CODE = YES;
				CLANG_WARN__DUPLICATE_METHOD_MATCH = YES;
				"CODE_SIGN_IDENTITY[sdk=iphoneos*]" = "iPhone Developer";
				COPY_PHASE_STRIP = NO;
				ENABLE_STRICT_OBJC_MSGSEND = YES;
				GCC_C_LANGUAGE_STANDARD = gnu99;
				GCC_DYNAMIC_NO_PIC = NO;
				GCC_OPTIMIZATION_LEVEL = 0;
				GCC_PREPROCESSOR_DEFINITIONS = (
					"DEBUG=1",
					"$(inherited)",
				);
				GCC_SYMBOLS_PRIVATE_EXTERN = NO;
				GCC_WARN_64_TO_32_BIT_CONVERSION = YES;
				GCC_WARN_ABOUT_RETURN_TYPE = YES_ERROR;
				GCC_WARN_UNDECLARED_SELECTOR = YES;
				GCC_WARN_UNINITIALIZED_AUTOS = YES_AGGRESSIVE;
				GCC_WARN_UNUSED_FUNCTION = YES;
				GCC_WARN_UNUSED_VARIABLE = YES;
				IPHONEOS_DEPLOYMENT_TARGET = 8.1;
				MTL_ENABLE_DEBUG_INFO = YES;
				ONLY_ACTIVE_ARCH = YES;
				SDKROOT = iphoneos;
				SWIFT_OPTIMIZATION_LEVEL = "-Onone";
			};
			name = Debug;
		};
		40A392D21A287FDD00E6826B /* Release */ = {
			isa = XCBuildConfiguration;
			buildSettings = {
				ALWAYS_SEARCH_USER_PATHS = NO;
				CLANG_CXX_LANGUAGE_STANDARD = "gnu++0x";
				CLANG_CXX_LIBRARY = "libc++";
				CLANG_ENABLE_MODULES = YES;
				CLANG_ENABLE_OBJC_ARC = YES;
				CLANG_WARN_BOOL_CONVERSION = YES;
				CLANG_WARN_CONSTANT_CONVERSION = YES;
				CLANG_WARN_DIRECT_OBJC_ISA_USAGE = YES_ERROR;
				CLANG_WARN_EMPTY_BODY = YES;
				CLANG_WARN_ENUM_CONVERSION = YES;
				CLANG_WARN_INT_CONVERSION = YES;
				CLANG_WARN_OBJC_ROOT_CLASS = YES_ERROR;
				CLANG_WARN_UNREACHABLE_CODE = YES;
				CLANG_WARN__DUPLICATE_METHOD_MATCH = YES;
				"CODE_SIGN_IDENTITY[sdk=iphoneos*]" = "iPhone Developer";
				COPY_PHASE_STRIP = YES;
				ENABLE_NS_ASSERTIONS = NO;
				ENABLE_STRICT_OBJC_MSGSEND = YES;
				GCC_C_LANGUAGE_STANDARD = gnu99;
				GCC_WARN_64_TO_32_BIT_CONVERSION = YES;
				GCC_WARN_ABOUT_RETURN_TYPE = YES_ERROR;
				GCC_WARN_UNDECLARED_SELECTOR = YES;
				GCC_WARN_UNINITIALIZED_AUTOS = YES_AGGRESSIVE;
				GCC_WARN_UNUSED_FUNCTION = YES;
				GCC_WARN_UNUSED_VARIABLE = YES;
				IPHONEOS_DEPLOYMENT_TARGET = 8.1;
				MTL_ENABLE_DEBUG_INFO = NO;
				SDKROOT = iphoneos;
				VALIDATE_PRODUCT = YES;
			};
			name = Release;
		};
		40A392D41A287FDD00E6826B /* Debug */ = {
			isa = XCBuildConfiguration;
			buildSettings = {
				ASSETCATALOG_COMPILER_APPICON_NAME = AppIcon;
				INFOPLIST_FILE = TBA2/Info.plist;
				LD_RUNPATH_SEARCH_PATHS = "$(inherited) @executable_path/Frameworks";
				PRODUCT_NAME = "$(TARGET_NAME)";
			};
			name = Debug;
		};
		40A392D51A287FDD00E6826B /* Release */ = {
			isa = XCBuildConfiguration;
			buildSettings = {
				ASSETCATALOG_COMPILER_APPICON_NAME = AppIcon;
				INFOPLIST_FILE = TBA2/Info.plist;
				LD_RUNPATH_SEARCH_PATHS = "$(inherited) @executable_path/Frameworks";
				PRODUCT_NAME = "$(TARGET_NAME)";
			};
			name = Release;
		};
		40A392D71A287FDD00E6826B /* Debug */ = {
			isa = XCBuildConfiguration;
			buildSettings = {
				BUNDLE_LOADER = "$(TEST_HOST)";
				FRAMEWORK_SEARCH_PATHS = (
					"$(SDKROOT)/Developer/Library/Frameworks",
					"$(inherited)",
				);
				GCC_PREPROCESSOR_DEFINITIONS = (
					"DEBUG=1",
					"$(inherited)",
				);
				INFOPLIST_FILE = TBA2Tests/Info.plist;
				LD_RUNPATH_SEARCH_PATHS = "$(inherited) @executable_path/Frameworks @loader_path/Frameworks";
				PRODUCT_NAME = "$(TARGET_NAME)";
				TEST_HOST = "$(BUILT_PRODUCTS_DIR)/TBA2.app/TBA2";
			};
			name = Debug;
		};
		40A392D81A287FDD00E6826B /* Release */ = {
			isa = XCBuildConfiguration;
			buildSettings = {
				BUNDLE_LOADER = "$(TEST_HOST)";
				FRAMEWORK_SEARCH_PATHS = (
					"$(SDKROOT)/Developer/Library/Frameworks",
					"$(inherited)",
				);
				INFOPLIST_FILE = TBA2Tests/Info.plist;
				LD_RUNPATH_SEARCH_PATHS = "$(inherited) @executable_path/Frameworks @loader_path/Frameworks";
				PRODUCT_NAME = "$(TARGET_NAME)";
				TEST_HOST = "$(BUILT_PRODUCTS_DIR)/TBA2.app/TBA2";
			};
			name = Release;
		};
/* End XCBuildConfiguration section */

/* Begin XCConfigurationList section */
		40A392AC1A287FDC00E6826B /* Build configuration list for PBXProject "TBA2" */ = {
			isa = XCConfigurationList;
			buildConfigurations = (
				40A392D11A287FDD00E6826B /* Debug */,
				40A392D21A287FDD00E6826B /* Release */,
			);
			defaultConfigurationIsVisible = 0;
			defaultConfigurationName = Release;
		};
		40A392D31A287FDD00E6826B /* Build configuration list for PBXNativeTarget "TBA2" */ = {
			isa = XCConfigurationList;
			buildConfigurations = (
				40A392D41A287FDD00E6826B /* Debug */,
				40A392D51A287FDD00E6826B /* Release */,
			);
			defaultConfigurationIsVisible = 0;
			defaultConfigurationName = Release;
		};
		40A392D61A287FDD00E6826B /* Build configuration list for PBXNativeTarget "TBA2Tests" */ = {
			isa = XCConfigurationList;
			buildConfigurations = (
				40A392D71A287FDD00E6826B /* Debug */,
				40A392D81A287FDD00E6826B /* Release */,
			);
			defaultConfigurationIsVisible = 0;
			defaultConfigurationName = Release;
		};
/* End XCConfigurationList section */

/* Begin XCVersionGroup section */
		40A392B81A287FDD00E6826B /* TBA2.xcdatamodeld */ = {
			isa = XCVersionGroup;
			children = (
				40A392B91A287FDD00E6826B /* TBA2.xcdatamodel */,
			);
			currentVersion = 40A392B91A287FDD00E6826B /* TBA2.xcdatamodel */;
			path = TBA2.xcdatamodeld;
			sourceTree = "<group>";
			versionGroupType = wrapper.xcdatamodel;
		};
/* End XCVersionGroup section */
	};
	rootObject = 40A392A91A287FDC00E6826B /* Project object */;
}
